
Microsoft Visual Studio Solution File, Format Version 12.00
# Visual Studio Version 17
VisualStudioVersion = 17.14.36408.4 d17.14
MinimumVisualStudioVersion = 10.0.40219.1
Project("{FAE04EC0-301F-11D3-BF4B-00C04F79EFBC}") = "NxTiler", "NxTiler.csproj", "{83048840-4B9E-4B68-8F98-ECAD2E59E363}"
EndProject
Global
	GlobalSection(SolutionConfigurationPlatforms) = preSolution
		Debug|Any CPU = Debug|Any CPU
		Release|Any CPU = Release|Any CPU
	EndGlobalSection
	GlobalSection(ProjectConfigurationPlatforms) = postSolution
		{83048840-4B9E-4B68-8F98-ECAD2E59E363}.Debug|Any CPU.ActiveCfg = Debug|Any CPU
		{83048840-4B9E-4B68-8F98-ECAD2E59E363}.Debug|Any CPU.Build.0 = Debug|Any CPU
		{83048840-4B9E-4B68-8F98-ECAD2E59E363}.Release|Any CPU.ActiveCfg = Release|Any CPU
		{83048840-4B9E-4B68-8F98-ECAD2E59E363}.Release|Any CPU.Build.0 = Release|Any CPU
	EndGlobalSection
	GlobalSection(SolutionProperties) = preSolution
		HideSolutionNode = FALSE
	EndGlobalSection
	GlobalSection(ExtensibilityGlobals) = postSolution
		SolutionGuid = {0ECE7830-1CDD-4BDA-8FC0-54447E654840}
	EndGlobalSection
EndGlobal
