
Microsoft Visual Studio Solution File, Format Version 12.00
# Visual Studio Version 17
VisualStudioVersion = 17.14.36408.4
MinimumVisualStudioVersion = 10.0.40219.1
Project("{2150E333-8FDC-42A3-9474-1A3956D46DE8}") = "src", "src", "{827E0CD3-B72D-47B6-A68D-7590B98EB39B}"
EndProject
Project("{FAE04EC0-301F-11D3-BF4B-00C04F79EFBC}") = "NxTiler.Domain", "src\NxTiler.Domain\NxTiler.Domain.csproj", "{C1122F1D-D540-4AFE-8741-FC4AA16BD49C}"
EndProject
Project("{FAE04EC0-301F-11D3-BF4B-00C04F79EFBC}") = "NxTiler.Application", "src\NxTiler.Application\NxTiler.Application.csproj", "{2A4E141F-92F4-4C65-A701-5F9E41B84CE8}"
EndProject
Project("{FAE04EC0-301F-11D3-BF4B-00C04F79EFBC}") = "NxTiler.Infrastructure", "src\NxTiler.Infrastructure\NxTiler.Infrastructure.csproj", "{D8D5377F-8A3D-4A7C-B4D9-796F6AE81EB2}"
EndProject
Project("{FAE04EC0-301F-11D3-BF4B-00C04F79EFBC}") = "NxTiler.App", "src\NxTiler.App\NxTiler.App.csproj", "{A05B9130-77E8-4D27-9CE7-B945490860DD}"
EndProject
Project("{FAE04EC0-301F-11D3-BF4B-00C04F79EFBC}") = "NxTiler.Overlay", "src\NxTiler.Overlay\NxTiler.Overlay.csproj", "{B3E12F7A-C4D8-4A2E-9F01-8A3B7C5D2E9F}"
EndProject
Project("{2150E333-8FDC-42A3-9474-1A3956D46DE8}") = "tests", "tests", "{0AB3BF05-4346-4AA6-1389-037BE0695223}"
EndProject
Project("{FAE04EC0-301F-11D3-BF4B-00C04F79EFBC}") = "NxTiler.Tests", "tests\NxTiler.Tests\NxTiler.Tests.csproj", "{17B2F1B9-E5C5-426A-B65F-6EA630AB0FE4}"
EndProject
Project("{FAE04EC0-301F-11D3-BF4B-00C04F79EFBC}") = "WindowCaptureCL", "src\WindowCaptureCL\WindowCaptureCL.csproj", "{5865BE59-2157-4951-BA49-B31F377943D3}"
EndProject
Project("{FAE04EC0-301F-11D3-BF4B-00C04F79EFBC}") = "WindowManagerCL", "src\WindowManagerCL\WindowManagerCL\WindowManagerCL.csproj", "{27830653-635C-4929-8343-5EF4554BA229}"
EndProject
Project("{FAE04EC0-301F-11D3-BF4B-00C04F79EFBC}") = "ImageSearchCL", "src\ImageSearchCL\ImageSearchCL.csproj", "{08C14C0F-6FE5-4CAB-80C0-FF81AAA94460}"
EndProject
Project("{FAE04EC0-301F-11D3-BF4B-00C04F79EFBC}") = "ImageSearchCL.WindowCapture", "src\ImageSearchCL\ImageSearchCL.WindowCapture\ImageSearchCL.WindowCapture.csproj", "{0135318F-2C34-46BC-BD27-D36FF9E28841}"
EndProject
Global
	GlobalSection(SolutionConfigurationPlatforms) = preSolution
		Debug|Any CPU = Debug|Any CPU
		Debug|x64 = Debug|x64
		Debug|x86 = Debug|x86
		Release|Any CPU = Release|Any CPU
		Release|x64 = Release|x64
		Release|x86 = Release|x86
	EndGlobalSection
	GlobalSection(ProjectConfigurationPlatforms) = postSolution
		{C1122F1D-D540-4AFE-8741-FC4AA16BD49C}.Debug|Any CPU.ActiveCfg = Debug|Any CPU
		{C1122F1D-D540-4AFE-8741-FC4AA16BD49C}.Debug|Any CPU.Build.0 = Debug|Any CPU
		{C1122F1D-D540-4AFE-8741-FC4AA16BD49C}.Debug|x64.ActiveCfg = Debug|Any CPU
		{C1122F1D-D540-4AFE-8741-FC4AA16BD49C}.Debug|x64.Build.0 = Debug|Any CPU
		{C1122F1D-D540-4AFE-8741-FC4AA16BD49C}.Debug|x86.ActiveCfg = Debug|Any CPU
		{C1122F1D-D540-4AFE-8741-FC4AA16BD49C}.Debug|x86.Build.0 = Debug|Any CPU
		{C1122F1D-D540-4AFE-8741-FC4AA16BD49C}.Release|Any CPU.ActiveCfg = Release|Any CPU
		{C1122F1D-D540-4AFE-8741-FC4AA16BD49C}.Release|Any CPU.Build.0 = Release|Any CPU
		{C1122F1D-D540-4AFE-8741-FC4AA16BD49C}.Release|x64.ActiveCfg = Release|Any CPU
		{C1122F1D-D540-4AFE-8741-FC4AA16BD49C}.Release|x64.Build.0 = Release|Any CPU
		{C1122F1D-D540-4AFE-8741-FC4AA16BD49C}.Release|x86.ActiveCfg = Release|Any CPU
		{C1122F1D-D540-4AFE-8741-FC4AA16BD49C}.Release|x86.Build.0 = Release|Any CPU
		{2A4E141F-92F4-4C65-A701-5F9E41B84CE8}.Debug|Any CPU.ActiveCfg = Debug|Any CPU
		{2A4E141F-92F4-4C65-A701-5F9E41B84CE8}.Debug|Any CPU.Build.0 = Debug|Any CPU
		{2A4E141F-92F4-4C65-A701-5F9E41B84CE8}.Debug|x64.ActiveCfg = Debug|Any CPU
		{2A4E141F-92F4-4C65-A701-5F9E41B84CE8}.Debug|x64.Build.0 = Debug|Any CPU
		{2A4E141F-92F4-4C65-A701-5F9E41B84CE8}.Debug|x86.ActiveCfg = Debug|Any CPU
		{2A4E141F-92F4-4C65-A701-5F9E41B84CE8}.Debug|x86.Build.0 = Debug|Any CPU
		{2A4E141F-92F4-4C65-A701-5F9E41B84CE8}.Release|Any CPU.ActiveCfg = Release|Any CPU
		{2A4E141F-92F4-4C65-A701-5F9E41B84CE8}.Release|Any CPU.Build.0 = Release|Any CPU
		{2A4E141F-92F4-4C65-A701-5F9E41B84CE8}.Release|x64.ActiveCfg = Release|Any CPU
		{2A4E141F-92F4-4C65-A701-5F9E41B84CE8}.Release|x64.Build.0 = Release|Any CPU
		{2A4E141F-92F4-4C65-A701-5F9E41B84CE8}.Release|x86.ActiveCfg = Release|Any CPU
		{2A4E141F-92F4-4C65-A701-5F9E41B84CE8}.Release|x86.Build.0 = Release|Any CPU
		{D8D5377F-8A3D-4A7C-B4D9-796F6AE81EB2}.Debug|Any CPU.ActiveCfg = Debug|Any CPU
		{D8D5377F-8A3D-4A7C-B4D9-796F6AE81EB2}.Debug|Any CPU.Build.0 = Debug|Any CPU
		{D8D5377F-8A3D-4A7C-B4D9-796F6AE81EB2}.Debug|x64.ActiveCfg = Debug|Any CPU
		{D8D5377F-8A3D-4A7C-B4D9-796F6AE81EB2}.Debug|x64.Build.0 = Debug|Any CPU
		{D8D5377F-8A3D-4A7C-B4D9-796F6AE81EB2}.Debug|x86.ActiveCfg = Debug|Any CPU
		{D8D5377F-8A3D-4A7C-B4D9-796F6AE81EB2}.Debug|x86.Build.0 = Debug|Any CPU
		{D8D5377F-8A3D-4A7C-B4D9-796F6AE81EB2}.Release|Any CPU.ActiveCfg = Release|Any CPU
		{D8D5377F-8A3D-4A7C-B4D9-796F6AE81EB2}.Release|Any CPU.Build.0 = Release|Any CPU
		{D8D5377F-8A3D-4A7C-B4D9-796F6AE81EB2}.Release|x64.ActiveCfg = Release|Any CPU
		{D8D5377F-8A3D-4A7C-B4D9-796F6AE81EB2}.Release|x64.Build.0 = Release|Any CPU
		{D8D5377F-8A3D-4A7C-B4D9-796F6AE81EB2}.Release|x86.ActiveCfg = Release|Any CPU
		{D8D5377F-8A3D-4A7C-B4D9-796F6AE81EB2}.Release|x86.Build.0 = Release|Any CPU
		{A05B9130-77E8-4D27-9CE7-B945490860DD}.Debug|Any CPU.ActiveCfg = Debug|Any CPU
		{A05B9130-77E8-4D27-9CE7-B945490860DD}.Debug|Any CPU.Build.0 = Debug|Any CPU
		{A05B9130-77E8-4D27-9CE7-B945490860DD}.Debug|x64.ActiveCfg = Debug|Any CPU
		{A05B9130-77E8-4D27-9CE7-B945490860DD}.Debug|x64.Build.0 = Debug|Any CPU
		{A05B9130-77E8-4D27-9CE7-B945490860DD}.Debug|x86.ActiveCfg = Debug|Any CPU
		{A05B9130-77E8-4D27-9CE7-B945490860DD}.Debug|x86.Build.0 = Debug|Any CPU
		{A05B9130-77E8-4D27-9CE7-B945490860DD}.Release|Any CPU.ActiveCfg = Release|Any CPU
		{A05B9130-77E8-4D27-9CE7-B945490860DD}.Release|Any CPU.Build.0 = Release|Any CPU
		{A05B9130-77E8-4D27-9CE7-B945490860DD}.Release|x64.ActiveCfg = Release|Any CPU
		{A05B9130-77E8-4D27-9CE7-B945490860DD}.Release|x64.Build.0 = Release|Any CPU
		{A05B9130-77E8-4D27-9CE7-B945490860DD}.Release|x86.ActiveCfg = Release|Any CPU
		{A05B9130-77E8-4D27-9CE7-B945490860DD}.Release|x86.Build.0 = Release|Any CPU
		{B3E12F7A-C4D8-4A2E-9F01-8A3B7C5D2E9F}.Debug|Any CPU.ActiveCfg = Debug|Any CPU
		{B3E12F7A-C4D8-4A2E-9F01-8A3B7C5D2E9F}.Debug|Any CPU.Build.0 = Debug|Any CPU
		{B3E12F7A-C4D8-4A2E-9F01-8A3B7C5D2E9F}.Debug|x64.ActiveCfg = Debug|Any CPU
		{B3E12F7A-C4D8-4A2E-9F01-8A3B7C5D2E9F}.Debug|x64.Build.0 = Debug|Any CPU
		{B3E12F7A-C4D8-4A2E-9F01-8A3B7C5D2E9F}.Debug|x86.ActiveCfg = Debug|Any CPU
		{B3E12F7A-C4D8-4A2E-9F01-8A3B7C5D2E9F}.Debug|x86.Build.0 = Debug|Any CPU
		{B3E12F7A-C4D8-4A2E-9F01-8A3B7C5D2E9F}.Release|Any CPU.ActiveCfg = Release|Any CPU
		{B3E12F7A-C4D8-4A2E-9F01-8A3B7C5D2E9F}.Release|Any CPU.Build.0 = Release|Any CPU
		{B3E12F7A-C4D8-4A2E-9F01-8A3B7C5D2E9F}.Release|x64.ActiveCfg = Release|Any CPU
		{B3E12F7A-C4D8-4A2E-9F01-8A3B7C5D2E9F}.Release|x64.Build.0 = Release|Any CPU
		{B3E12F7A-C4D8-4A2E-9F01-8A3B7C5D2E9F}.Release|x86.ActiveCfg = Release|Any CPU
		{B3E12F7A-C4D8-4A2E-9F01-8A3B7C5D2E9F}.Release|x86.Build.0 = Release|Any CPU
		{17B2F1B9-E5C5-426A-B65F-6EA630AB0FE4}.Debug|Any CPU.ActiveCfg = Debug|Any CPU
		{17B2F1B9-E5C5-426A-B65F-6EA630AB0FE4}.Debug|Any CPU.Build.0 = Debug|Any CPU
		{17B2F1B9-E5C5-426A-B65F-6EA630AB0FE4}.Debug|x64.ActiveCfg = Debug|Any CPU
		{17B2F1B9-E5C5-426A-B65F-6EA630AB0FE4}.Debug|x64.Build.0 = Debug|Any CPU
		{17B2F1B9-E5C5-426A-B65F-6EA630AB0FE4}.Debug|x86.ActiveCfg = Debug|Any CPU
		{17B2F1B9-E5C5-426A-B65F-6EA630AB0FE4}.Debug|x86.Build.0 = Debug|Any CPU
		{17B2F1B9-E5C5-426A-B65F-6EA630AB0FE4}.Release|Any CPU.ActiveCfg = Release|Any CPU
		{17B2F1B9-E5C5-426A-B65F-6EA630AB0FE4}.Release|Any CPU.Build.0 = Release|Any CPU
		{17B2F1B9-E5C5-426A-B65F-6EA630AB0FE4}.Release|x64.ActiveCfg = Release|Any CPU
		{17B2F1B9-E5C5-426A-B65F-6EA630AB0FE4}.Release|x64.Build.0 = Release|Any CPU
		{17B2F1B9-E5C5-426A-B65F-6EA630AB0FE4}.Release|x86.ActiveCfg = Release|Any CPU
		{17B2F1B9-E5C5-426A-B65F-6EA630AB0FE4}.Release|x86.Build.0 = Release|Any CPU
		{5865BE59-2157-4951-BA49-B31F377943D3}.Debug|Any CPU.ActiveCfg = Debug|Any CPU
		{5865BE59-2157-4951-BA49-B31F377943D3}.Debug|Any CPU.Build.0 = Debug|Any CPU
		{5865BE59-2157-4951-BA49-B31F377943D3}.Debug|x64.ActiveCfg = Debug|Any CPU
		{5865BE59-2157-4951-BA49-B31F377943D3}.Debug|x64.Build.0 = Debug|Any CPU
		{5865BE59-2157-4951-BA49-B31F377943D3}.Debug|x86.ActiveCfg = Debug|Any CPU
		{5865BE59-2157-4951-BA49-B31F377943D3}.Debug|x86.Build.0 = Debug|Any CPU
		{5865BE59-2157-4951-BA49-B31F377943D3}.Release|Any CPU.ActiveCfg = Release|Any CPU
		{5865BE59-2157-4951-BA49-B31F377943D3}.Release|Any CPU.Build.0 = Release|Any CPU
		{5865BE59-2157-4951-BA49-B31F377943D3}.Release|x64.ActiveCfg = Release|Any CPU
		{5865BE59-2157-4951-BA49-B31F377943D3}.Release|x64.Build.0 = Release|Any CPU
		{5865BE59-2157-4951-BA49-B31F377943D3}.Release|x86.ActiveCfg = Release|Any CPU
		{5865BE59-2157-4951-BA49-B31F377943D3}.Release|x86.Build.0 = Release|Any CPU
		{27830653-635C-4929-8343-5EF4554BA229}.Debug|Any CPU.ActiveCfg = Debug|Any CPU
		{27830653-635C-4929-8343-5EF4554BA229}.Debug|Any CPU.Build.0 = Debug|Any CPU
		{27830653-635C-4929-8343-5EF4554BA229}.Debug|x64.ActiveCfg = Debug|Any CPU
		{27830653-635C-4929-8343-5EF4554BA229}.Debug|x64.Build.0 = Debug|Any CPU
		{27830653-635C-4929-8343-5EF4554BA229}.Debug|x86.ActiveCfg = Debug|Any CPU
		{27830653-635C-4929-8343-5EF4554BA229}.Debug|x86.Build.0 = Debug|Any CPU
		{27830653-635C-4929-8343-5EF4554BA229}.Release|Any CPU.ActiveCfg = Release|Any CPU
		{27830653-635C-4929-8343-5EF4554BA229}.Release|Any CPU.Build.0 = Release|Any CPU
		{27830653-635C-4929-8343-5EF4554BA229}.Release|x64.ActiveCfg = Release|Any CPU
		{27830653-635C-4929-8343-5EF4554BA229}.Release|x64.Build.0 = Release|Any CPU
		{27830653-635C-4929-8343-5EF4554BA229}.Release|x86.ActiveCfg = Release|Any CPU
		{27830653-635C-4929-8343-5EF4554BA229}.Release|x86.Build.0 = Release|Any CPU
		{08C14C0F-6FE5-4CAB-80C0-FF81AAA94460}.Debug|Any CPU.ActiveCfg = Debug|Any CPU
		{08C14C0F-6FE5-4CAB-80C0-FF81AAA94460}.Debug|Any CPU.Build.0 = Debug|Any CPU
		{08C14C0F-6FE5-4CAB-80C0-FF81AAA94460}.Debug|x64.ActiveCfg = Debug|Any CPU
		{08C14C0F-6FE5-4CAB-80C0-FF81AAA94460}.Debug|x64.Build.0 = Debug|Any CPU
		{08C14C0F-6FE5-4CAB-80C0-FF81AAA94460}.Debug|x86.ActiveCfg = Debug|Any CPU
		{08C14C0F-6FE5-4CAB-80C0-FF81AAA94460}.Debug|x86.Build.0 = Debug|Any CPU
		{08C14C0F-6FE5-4CAB-80C0-FF81AAA94460}.Release|Any CPU.ActiveCfg = Release|Any CPU
		{08C14C0F-6FE5-4CAB-80C0-FF81AAA94460}.Release|Any CPU.Build.0 = Release|Any CPU
		{08C14C0F-6FE5-4CAB-80C0-FF81AAA94460}.Release|x64.ActiveCfg = Release|Any CPU
		{08C14C0F-6FE5-4CAB-80C0-FF81AAA94460}.Release|x64.Build.0 = Release|Any CPU
		{08C14C0F-6FE5-4CAB-80C0-FF81AAA94460}.Release|x86.ActiveCfg = Release|Any CPU
		{08C14C0F-6FE5-4CAB-80C0-FF81AAA94460}.Release|x86.Build.0 = Release|Any CPU
		{0135318F-2C34-46BC-BD27-D36FF9E28841}.Debug|Any CPU.ActiveCfg = Debug|Any CPU
		{0135318F-2C34-46BC-BD27-D36FF9E28841}.Debug|Any CPU.Build.0 = Debug|Any CPU
		{0135318F-2C34-46BC-BD27-D36FF9E28841}.Debug|x64.ActiveCfg = Debug|Any CPU
		{0135318F-2C34-46BC-BD27-D36FF9E28841}.Debug|x64.Build.0 = Debug|Any CPU
		{0135318F-2C34-46BC-BD27-D36FF9E28841}.Debug|x86.ActiveCfg = Debug|Any CPU
		{0135318F-2C34-46BC-BD27-D36FF9E28841}.Debug|x86.Build.0 = Debug|Any CPU
		{0135318F-2C34-46BC-BD27-D36FF9E28841}.Release|Any CPU.ActiveCfg = Release|Any CPU
		{0135318F-2C34-46BC-BD27-D36FF9E28841}.Release|Any CPU.Build.0 = Release|Any CPU
		{0135318F-2C34-46BC-BD27-D36FF9E28841}.Release|x64.ActiveCfg = Release|Any CPU
		{0135318F-2C34-46BC-BD27-D36FF9E28841}.Release|x64.Build.0 = Release|Any CPU
		{0135318F-2C34-46BC-BD27-D36FF9E28841}.Release|x86.ActiveCfg = Release|Any CPU
		{0135318F-2C34-46BC-BD27-D36FF9E28841}.Release|x86.Build.0 = Release|Any CPU
	EndGlobalSection
	GlobalSection(SolutionProperties) = preSolution
		HideSolutionNode = FALSE
	EndGlobalSection
	GlobalSection(NestedProjects) = preSolution
		{C1122F1D-D540-4AFE-8741-FC4AA16BD49C} = {827E0CD3-B72D-47B6-A68D-7590B98EB39B}
		{2A4E141F-92F4-4C65-A701-5F9E41B84CE8} = {827E0CD3-B72D-47B6-A68D-7590B98EB39B}
		{D8D5377F-8A3D-4A7C-B4D9-796F6AE81EB2} = {827E0CD3-B72D-47B6-A68D-7590B98EB39B}
		{A05B9130-77E8-4D27-9CE7-B945490860DD} = {827E0CD3-B72D-47B6-A68D-7590B98EB39B}
		{B3E12F7A-C4D8-4A2E-9F01-8A3B7C5D2E9F} = {827E0CD3-B72D-47B6-A68D-7590B98EB39B}
		{17B2F1B9-E5C5-426A-B65F-6EA630AB0FE4} = {0AB3BF05-4346-4AA6-1389-037BE0695223}
		{5865BE59-2157-4951-BA49-B31F377943D3} = {827E0CD3-B72D-47B6-A68D-7590B98EB39B}
		{27830653-635C-4929-8343-5EF4554BA229} = {827E0CD3-B72D-47B6-A68D-7590B98EB39B}
		{08C14C0F-6FE5-4CAB-80C0-FF81AAA94460} = {827E0CD3-B72D-47B6-A68D-7590B98EB39B}
		{0135318F-2C34-46BC-BD27-D36FF9E28841} = {827E0CD3-B72D-47B6-A68D-7590B98EB39B}
	EndGlobalSection
	GlobalSection(ExtensibilityGlobals) = postSolution
		SolutionGuid = {0ECE7830-1CDD-4BDA-8FC0-54447E654840}
	EndGlobalSection
EndGlobal
